// !$*UTF8*$!
{
	archiveVersion = 1;
	classes = {
	};
	objectVersion = 60;
	objects = {

/* Begin PBXBuildFile section */
		764568FF2C5EFEE400FC6865 /* SwanApp.swift in Sources */ = {isa = PBXBuildFile; fileRef = 764568FE2C5EFEE400FC6865 /* SwanApp.swift */; };
		764569012C5EFEE400FC6865 /* ContentView.swift in Sources */ = {isa = PBXBuildFile; fileRef = 764569002C5EFEE400FC6865 /* ContentView.swift */; };
		764569032C5EFEE400FC6865 /* Item.swift in Sources */ = {isa = PBXBuildFile; fileRef = 764569022C5EFEE400FC6865 /* Item.swift */; };
		764569052C5EFEE600FC6865 /* Assets.xcassets in Resources */ = {isa = PBXBuildFile; fileRef = 764569042C5EFEE600FC6865 /* Assets.xcassets */; };
		764569082C5EFEE600FC6865 /* Preview Assets.xcassets in Resources */ = {isa = PBXBuildFile; fileRef = 764569072C5EFEE600FC6865 /* Preview Assets.xcassets */; };
		764569132C5EFEE600FC6865 /* SwanTests.swift in Sources */ = {isa = PBXBuildFile; fileRef = 764569122C5EFEE600FC6865 /* SwanTests.swift */; };
		7645691D2C5EFEE600FC6865 /* SwanUITests.swift in Sources */ = {isa = PBXBuildFile; fileRef = 7645691C2C5EFEE600FC6865 /* SwanUITests.swift */; };
		7645691F2C5EFEE600FC6865 /* SwanUITestsLaunchTests.swift in Sources */ = {isa = PBXBuildFile; fileRef = 7645691E2C5EFEE600FC6865 /* SwanUITestsLaunchTests.swift */; };
/* End PBXBuildFile section */

/* Begin PBXContainerItemProxy section */
		7645690F2C5EFEE600FC6865 /* PBXContainerItemProxy */ = {
			isa = PBXContainerItemProxy;
			containerPortal = 764568F32C5EFEE300FC6865 /* Project object */;
			proxyType = 1;
			remoteGlobalIDString = 764568FA2C5EFEE400FC6865;
			remoteInfo = Swan;
		};
		764569192C5EFEE600FC6865 /* PBXContainerItemProxy */ = {
			isa = PBXContainerItemProxy;
			containerPortal = 764568F32C5EFEE300FC6865 /* Project object */;
			proxyType = 1;
			remoteGlobalIDString = 764568FA2C5EFEE400FC6865;
			remoteInfo = Swan;
		};
/* End PBXContainerItemProxy section */

/* Begin PBXFileReference section */
		764568FB2C5EFEE400FC6865 /* Swan.app */ = {isa = PBXFileReference; explicitFileType = wrapper.application; includeInIndex = 0; path = Swan.app; sourceTree = BUILT_PRODUCTS_DIR; };
		764568FE2C5EFEE400FC6865 /* SwanApp.swift */ = {isa = PBXFileReference; lastKnownFileType = sourcecode.swift; path = SwanApp.swift; sourceTree = "<group>"; };
		764569002C5EFEE400FC6865 /* ContentView.swift */ = {isa = PBXFileReference; lastKnownFileType = sourcecode.swift; path = ContentView.swift; sourceTree = "<group>"; };
		764569022C5EFEE400FC6865 /* Item.swift */ = {isa = PBXFileReference; lastKnownFileType = sourcecode.swift; path = Item.swift; sourceTree = "<group>"; };
		764569042C5EFEE600FC6865 /* Assets.xcassets */ = {isa = PBXFileReference; lastKnownFileType = folder.assetcatalog; path = Assets.xcassets; sourceTree = "<group>"; };
		764569072C5EFEE600FC6865 /* Preview Assets.xcassets */ = {isa = PBXFileReference; lastKnownFileType = folder.assetcatalog; path = "Preview Assets.xcassets"; sourceTree = "<group>"; };
		764569092C5EFEE600FC6865 /* Swan.entitlements */ = {isa = PBXFileReference; lastKnownFileType = text.plist.entitlements; path = Swan.entitlements; sourceTree = "<group>"; };
		7645690E2C5EFEE600FC6865 /* SwanTests.xctest */ = {isa = PBXFileReference; explicitFileType = wrapper.cfbundle; includeInIndex = 0; path = SwanTests.xctest; sourceTree = BUILT_PRODUCTS_DIR; };
		764569122C5EFEE600FC6865 /* SwanTests.swift */ = {isa = PBXFileReference; lastKnownFileType = sourcecode.swift; path = SwanTests.swift; sourceTree = "<group>"; };
		764569182C5EFEE600FC6865 /* SwanUITests.xctest */ = {isa = PBXFileReference; explicitFileType = wrapper.cfbundle; includeInIndex = 0; path = SwanUITests.xctest; sourceTree = BUILT_PRODUCTS_DIR; };
		7645691C2C5EFEE600FC6865 /* SwanUITests.swift */ = {isa = PBXFileReference; lastKnownFileType = sourcecode.swift; path = SwanUITests.swift; sourceTree = "<group>"; };
		7645691E2C5EFEE600FC6865 /* SwanUITestsLaunchTests.swift */ = {isa = PBXFileReference; lastKnownFileType = sourcecode.swift; path = SwanUITestsLaunchTests.swift; sourceTree = "<group>"; };
/* End PBXFileReference section */

/* Begin PBXFrameworksBuildPhase section */
		764568F82C5EFEE400FC6865 /* Frameworks */ = {
			isa = PBXFrameworksBuildPhase;
			buildActionMask = 2147483647;
			files = (
			);
			runOnlyForDeploymentPostprocessing = 0;
		};
		7645690B2C5EFEE600FC6865 /* Frameworks */ = {
			isa = PBXFrameworksBuildPhase;
			buildActionMask = 2147483647;
			files = (
			);
			runOnlyForDeploymentPostprocessing = 0;
		};
		764569152C5EFEE600FC6865 /* Frameworks */ = {
			isa = PBXFrameworksBuildPhase;
			buildActionMask = 2147483647;
			files = (
			);
			runOnlyForDeploymentPostprocessing = 0;
		};
/* End PBXFrameworksBuildPhase section */

/* Begin PBXGroup section */
		764568F22C5EFEE300FC6865 = {
			isa = PBXGroup;
			children = (
				764568FD2C5EFEE400FC6865 /* Swan */,
				764569112C5EFEE600FC6865 /* SwanTests */,
				7645691B2C5EFEE600FC6865 /* SwanUITests */,
				764568FC2C5EFEE400FC6865 /* Products */,
			);
			sourceTree = "<group>";
		};
		764568FC2C5EFEE400FC6865 /* Products */ = {
			isa = PBXGroup;
			children = (
				764568FB2C5EFEE400FC6865 /* Swan.app */,
				7645690E2C5EFEE600FC6865 /* SwanTests.xctest */,
				764569182C5EFEE600FC6865 /* SwanUITests.xctest */,
			);
			name = Products;
			sourceTree = "<group>";
		};
		764568FD2C5EFEE400FC6865 /* Swan */ = {
			isa = PBXGroup;
			children = (
				764568FE2C5EFEE400FC6865 /* SwanApp.swift */,
				764569002C5EFEE400FC6865 /* ContentView.swift */,
				764569022C5EFEE400FC6865 /* Item.swift */,
				764569042C5EFEE600FC6865 /* Assets.xcassets */,
				764569092C5EFEE600FC6865 /* Swan.entitlements */,
				764569062C5EFEE600FC6865 /* Preview Content */,
			);
			path = Swan;
			sourceTree = "<group>";
		};
		764569062C5EFEE600FC6865 /* Preview Content */ = {
			isa = PBXGroup;
			children = (
				764569072C5EFEE600FC6865 /* Preview Assets.xcassets */,
			);
			path = "Preview Content";
			sourceTree = "<group>";
		};
		764569112C5EFEE600FC6865 /* SwanTests */ = {
			isa = PBXGroup;
			children = (
				764569122C5EFEE600FC6865 /* SwanTests.swift */,
			);
			path = SwanTests;
			sourceTree = "<group>";
		};
		7645691B2C5EFEE600FC6865 /* SwanUITests */ = {
			isa = PBXGroup;
			children = (
				7645691C2C5EFEE600FC6865 /* SwanUITests.swift */,
				7645691E2C5EFEE600FC6865 /* SwanUITestsLaunchTests.swift */,
			);
			path = SwanUITests;
			sourceTree = "<group>";
		};
/* End PBXGroup section */

/* Begin PBXNativeTarget section */
		764568FA2C5EFEE400FC6865 /* Swan */ = {
			isa = PBXNativeTarget;
			buildConfigurationList = 764569222C5EFEE600FC6865 /* Build configuration list for PBXNativeTarget "Swan" */;
			buildPhases = (
				764568F72C5EFEE400FC6865 /* Sources */,
				764568F82C5EFEE400FC6865 /* Frameworks */,
				764568F92C5EFEE400FC6865 /* Resources */,
			);
			buildRules = (
			);
			dependencies = (
			);
			name = Swan;
			productName = Swan;
			productReference = 764568FB2C5EFEE400FC6865 /* Swan.app */;
			productType = "com.apple.product-type.application";
		};
		7645690D2C5EFEE600FC6865 /* SwanTests */ = {
			isa = PBXNativeTarget;
			buildConfigurationList = 764569252C5EFEE600FC6865 /* Build configuration list for PBXNativeTarget "SwanTests" */;
			buildPhases = (
				7645690A2C5EFEE600FC6865 /* Sources */,
				7645690B2C5EFEE600FC6865 /* Frameworks */,
				7645690C2C5EFEE600FC6865 /* Resources */,
			);
			buildRules = (
			);
			dependencies = (
				764569102C5EFEE600FC6865 /* PBXTargetDependency */,
			);
			name = SwanTests;
			productName = SwanTests;
			productReference = 7645690E2C5EFEE600FC6865 /* SwanTests.xctest */;
			productType = "com.apple.product-type.bundle.unit-test";
		};
		764569172C5EFEE600FC6865 /* SwanUITests */ = {
			isa = PBXNativeTarget;
			buildConfigurationList = 764569282C5EFEE600FC6865 /* Build configuration list for PBXNativeTarget "SwanUITests" */;
			buildPhases = (
				764569142C5EFEE600FC6865 /* Sources */,
				764569152C5EFEE600FC6865 /* Frameworks */,
				764569162C5EFEE600FC6865 /* Resources */,
			);
			buildRules = (
			);
			dependencies = (
				7645691A2C5EFEE600FC6865 /* PBXTargetDependency */,
			);
			name = SwanUITests;
			productName = SwanUITests;
			productReference = 764569182C5EFEE600FC6865 /* SwanUITests.xctest */;
			productType = "com.apple.product-type.bundle.ui-testing";
		};
/* End PBXNativeTarget section */

/* Begin PBXProject section */
		764568F32C5EFEE300FC6865 /* Project object */ = {
			isa = PBXProject;
			attributes = {
				BuildIndependentTargetsInParallel = 1;
				LastSwiftUpdateCheck = 1600;
				LastUpgradeCheck = 1600;
				TargetAttributes = {
					764568FA2C5EFEE400FC6865 = {
						CreatedOnToolsVersion = 16.0;
					};
					7645690D2C5EFEE600FC6865 = {
						CreatedOnToolsVersion = 16.0;
						TestTargetID = 764568FA2C5EFEE400FC6865;
					};
					764569172C5EFEE600FC6865 = {
						CreatedOnToolsVersion = 16.0;
						TestTargetID = 764568FA2C5EFEE400FC6865;
					};
				};
			};
			buildConfigurationList = 764568F62C5EFEE300FC6865 /* Build configuration list for PBXProject "Swan" */;
			compatibilityVersion = "Xcode 15.0";
			developmentRegion = en;
			hasScannedForEncodings = 0;
			knownRegions = (
				en,
				Base,
			);
			mainGroup = 764568F22C5EFEE300FC6865;
			productRefGroup = 764568FC2C5EFEE400FC6865 /* Products */;
			projectDirPath = "";
			projectRoot = "";
			targets = (
				764568FA2C5EFEE400FC6865 /* Swan */,
				7645690D2C5EFEE600FC6865 /* SwanTests */,
				764569172C5EFEE600FC6865 /* SwanUITests */,
			);
		};
/* End PBXProject section */

/* Begin PBXResourcesBuildPhase section */
		764568F92C5EFEE400FC6865 /* Resources */ = {
			isa = PBXResourcesBuildPhase;
			buildActionMask = 2147483647;
			files = (
				764569082C5EFEE600FC6865 /* Preview Assets.xcassets in Resources */,
				764569052C5EFEE600FC6865 /* Assets.xcassets in Resources */,
			);
			runOnlyForDeploymentPostprocessing = 0;
		};
		7645690C2C5EFEE600FC6865 /* Resources */ = {
			isa = PBXResourcesBuildPhase;
			buildActionMask = 2147483647;
			files = (
			);
			runOnlyForDeploymentPostprocessing = 0;
		};
		764569162C5EFEE600FC6865 /* Resources */ = {
			isa = PBXResourcesBuildPhase;
			buildActionMask = 2147483647;
			files = (
			);
			runOnlyForDeploymentPostprocessing = 0;
		};
/* End PBXResourcesBuildPhase section */

/* Begin PBXSourcesBuildPhase section */
		764568F72C5EFEE400FC6865 /* Sources */ = {
			isa = PBXSourcesBuildPhase;
			buildActionMask = 2147483647;
			files = (
				764569012C5EFEE400FC6865 /* ContentView.swift in Sources */,
				764569032C5EFEE400FC6865 /* Item.swift in Sources */,
				764568FF2C5EFEE400FC6865 /* SwanApp.swift in Sources */,
			);
			runOnlyForDeploymentPostprocessing = 0;
		};
		7645690A2C5EFEE600FC6865 /* Sources */ = {
			isa = PBXSourcesBuildPhase;
			buildActionMask = 2147483647;
			files = (
				764569132C5EFEE600FC6865 /* SwanTests.swift in Sources */,
			);
			runOnlyForDeploymentPostprocessing = 0;
		};
		764569142C5EFEE600FC6865 /* Sources */ = {
			isa = PBXSourcesBuildPhase;
			buildActionMask = 2147483647;
			files = (
				7645691D2C5EFEE600FC6865 /* SwanUITests.swift in Sources */,
				7645691F2C5EFEE600FC6865 /* SwanUITestsLaunchTests.swift in Sources */,
			);
			runOnlyForDeploymentPostprocessing = 0;
		};
/* End PBXSourcesBuildPhase section */

/* Begin PBXTargetDependency section */
		764569102C5EFEE600FC6865 /* PBXTargetDependency */ = {
			isa = PBXTargetDependency;
			target = 764568FA2C5EFEE400FC6865 /* Swan */;
			targetProxy = 7645690F2C5EFEE600FC6865 /* PBXContainerItemProxy */;
		};
		7645691A2C5EFEE600FC6865 /* PBXTargetDependency */ = {
			isa = PBXTargetDependency;
			target = 764568FA2C5EFEE400FC6865 /* Swan */;
			targetProxy = 764569192C5EFEE600FC6865 /* PBXContainerItemProxy */;
		};
/* End PBXTargetDependency section */

/* Begin XCBuildConfiguration section */
		764569202C5EFEE600FC6865 /* Debug */ = {
			isa = XCBuildConfiguration;
			buildSettings = {
				ALWAYS_SEARCH_USER_PATHS = NO;
				ASSETCATALOG_COMPILER_GENERATE_SWIFT_ASSET_SYMBOL_EXTENSIONS = YES;
				CLANG_ANALYZER_NONNULL = YES;
				CLANG_ANALYZER_NUMBER_OBJECT_CONVERSION = YES_AGGRESSIVE;
				CLANG_CXX_LANGUAGE_STANDARD = "gnu++20";
				CLANG_ENABLE_MODULES = YES;
				CLANG_ENABLE_OBJC_ARC = YES;
				CLANG_ENABLE_OBJC_WEAK = YES;
				CLANG_WARN_BLOCK_CAPTURE_AUTORELEASING = YES;
				CLANG_WARN_BOOL_CONVERSION = YES;
				CLANG_WARN_COMMA = YES;
				CLANG_WARN_CONSTANT_CONVERSION = YES;
				CLANG_WARN_DEPRECATED_OBJC_IMPLEMENTATIONS = YES;
				CLANG_WARN_DIRECT_OBJC_ISA_USAGE = YES_ERROR;
				CLANG_WARN_DOCUMENTATION_COMMENTS = YES;
				CLANG_WARN_EMPTY_BODY = YES;
				CLANG_WARN_ENUM_CONVERSION = YES;
				CLANG_WARN_INFINITE_RECURSION = YES;
				CLANG_WARN_INT_CONVERSION = YES;
				CLANG_WARN_NON_LITERAL_NULL_CONVERSION = YES;
				CLANG_WARN_OBJC_IMPLICIT_RETAIN_SELF = YES;
				CLANG_WARN_OBJC_LITERAL_CONVERSION = YES;
				CLANG_WARN_OBJC_ROOT_CLASS = YES_ERROR;
				CLANG_WARN_QUOTED_INCLUDE_IN_FRAMEWORK_HEADER = YES;
				CLANG_WARN_RANGE_LOOP_ANALYSIS = YES;
				CLANG_WARN_STRICT_PROTOTYPES = YES;
				CLANG_WARN_SUSPICIOUS_MOVE = YES;
				CLANG_WARN_UNGUARDED_AVAILABILITY = YES_AGGRESSIVE;
				CLANG_WARN_UNREACHABLE_CODE = YES;
				CLANG_WARN__DUPLICATE_METHOD_MATCH = YES;
				COPY_PHASE_STRIP = NO;
				DEBUG_INFORMATION_FORMAT = dwarf;
				ENABLE_STRICT_OBJC_MSGSEND = YES;
				ENABLE_TESTABILITY = YES;
				ENABLE_USER_SCRIPT_SANDBOXING = YES;
				GCC_C_LANGUAGE_STANDARD = gnu17;
				GCC_DYNAMIC_NO_PIC = NO;
				GCC_NO_COMMON_BLOCKS = YES;
				GCC_OPTIMIZATION_LEVEL = 0;
				GCC_PREPROCESSOR_DEFINITIONS = (
					"DEBUG=1",
					"$(inherited)",
				);
				GCC_WARN_64_TO_32_BIT_CONVERSION = YES;
				GCC_WARN_ABOUT_RETURN_TYPE = YES_ERROR;
				GCC_WARN_UNDECLARED_SELECTOR = YES;
				GCC_WARN_UNINITIALIZED_AUTOS = YES_AGGRESSIVE;
				GCC_WARN_UNUSED_FUNCTION = YES;
				GCC_WARN_UNUSED_VARIABLE = YES;
				LOCALIZATION_PREFERS_STRING_CATALOGS = YES;
				MACOSX_DEPLOYMENT_TARGET = 15.0;
				MTL_ENABLE_DEBUG_INFO = INCLUDE_SOURCE;
				MTL_FAST_MATH = YES;
				ONLY_ACTIVE_ARCH = YES;
				SDKROOT = macosx;
				SWIFT_ACTIVE_COMPILATION_CONDITIONS = "DEBUG $(inherited)";
				SWIFT_OPTIMIZATION_LEVEL = "-Onone";
			};
			name = Debug;
		};
		764569212C5EFEE600FC6865 /* Release */ = {
			isa = XCBuildConfiguration;
			buildSettings = {
				ALWAYS_SEARCH_USER_PATHS = NO;
				ASSETCATALOG_COMPILER_GENERATE_SWIFT_ASSET_SYMBOL_EXTENSIONS = YES;
				CLANG_ANALYZER_NONNULL = YES;
				CLANG_ANALYZER_NUMBER_OBJECT_CONVERSION = YES_AGGRESSIVE;
				CLANG_CXX_LANGUAGE_STANDARD = "gnu++20";
				CLANG_ENABLE_MODULES = YES;
				CLANG_ENABLE_OBJC_ARC = YES;
				CLANG_ENABLE_OBJC_WEAK = YES;
				CLANG_WARN_BLOCK_CAPTURE_AUTORELEASING = YES;
				CLANG_WARN_BOOL_CONVERSION = YES;
				CLANG_WARN_COMMA = YES;
				CLANG_WARN_CONSTANT_CONVERSION = YES;
				CLANG_WARN_DEPRECATED_OBJC_IMPLEMENTATIONS = YES;
				CLANG_WARN_DIRECT_OBJC_ISA_USAGE = YES_ERROR;
				CLANG_WARN_DOCUMENTATION_COMMENTS = YES;
				CLANG_WARN_EMPTY_BODY = YES;
				CLANG_WARN_ENUM_CONVERSION = YES;
				CLANG_WARN_INFINITE_RECURSION = YES;
				CLANG_WARN_INT_CONVERSION = YES;
				CLANG_WARN_NON_LITERAL_NULL_CONVERSION = YES;
				CLANG_WARN_OBJC_IMPLICIT_RETAIN_SELF = YES;
				CLANG_WARN_OBJC_LITERAL_CONVERSION = YES;
				CLANG_WARN_OBJC_ROOT_CLASS = YES_ERROR;
				CLANG_WARN_QUOTED_INCLUDE_IN_FRAMEWORK_HEADER = YES;
				CLANG_WARN_RANGE_LOOP_ANALYSIS = YES;
				CLANG_WARN_STRICT_PROTOTYPES = YES;
				CLANG_WARN_SUSPICIOUS_MOVE = YES;
				CLANG_WARN_UNGUARDED_AVAILABILITY = YES_AGGRESSIVE;
				CLANG_WARN_UNREACHABLE_CODE = YES;
				CLANG_WARN__DUPLICATE_METHOD_MATCH = YES;
				COPY_PHASE_STRIP = NO;
				DEBUG_INFORMATION_FORMAT = "dwarf-with-dsym";
				ENABLE_NS_ASSERTIONS = NO;
				ENABLE_STRICT_OBJC_MSGSEND = YES;
				ENABLE_USER_SCRIPT_SANDBOXING = YES;
				GCC_C_LANGUAGE_STANDARD = gnu17;
				GCC_NO_COMMON_BLOCKS = YES;
				GCC_WARN_64_TO_32_BIT_CONVERSION = YES;
				GCC_WARN_ABOUT_RETURN_TYPE = YES_ERROR;
				GCC_WARN_UNDECLARED_SELECTOR = YES;
				GCC_WARN_UNINITIALIZED_AUTOS = YES_AGGRESSIVE;
				GCC_WARN_UNUSED_FUNCTION = YES;
				GCC_WARN_UNUSED_VARIABLE = YES;
				LOCALIZATION_PREFERS_STRING_CATALOGS = YES;
				MACOSX_DEPLOYMENT_TARGET = 15.0;
				MTL_ENABLE_DEBUG_INFO = NO;
				MTL_FAST_MATH = YES;
				SDKROOT = macosx;
				SWIFT_COMPILATION_MODE = wholemodule;
			};
			name = Release;
		};
		764569232C5EFEE600FC6865 /* Debug */ = {
			isa = XCBuildConfiguration;
			buildSettings = {
				ASSETCATALOG_COMPILER_APPICON_NAME = AppIcon;
				ASSETCATALOG_COMPILER_GLOBAL_ACCENT_COLOR_NAME = AccentColor;
				CODE_SIGN_ENTITLEMENTS = Swan/Swan.entitlements;
				CODE_SIGN_STYLE = Automatic;
				COMBINE_HIDPI_IMAGES = YES;
				CURRENT_PROJECT_VERSION = 1;
				DEVELOPMENT_ASSET_PATHS = "\"Swan/Preview Content\"";
				DEVELOPMENT_TEAM = ZAB2ZHZQFK;
				ENABLE_HARDENED_RUNTIME = YES;
				ENABLE_PREVIEWS = YES;
				GENERATE_INFOPLIST_FILE = YES;
				INFOPLIST_KEY_NSHumanReadableCopyright = "";
				LD_RUNPATH_SEARCH_PATHS = (
					"$(inherited)",
					"@executable_path/../Frameworks",
				);
				MACOSX_DEPLOYMENT_TARGET = 14.0;
				MARKETING_VERSION = 1.0;
				PRODUCT_BUNDLE_IDENTIFIER = me.ben216k.Swan;
				PRODUCT_NAME = "$(TARGET_NAME)";
				SWIFT_EMIT_LOC_STRINGS = YES;
				SWIFT_VERSION = 5.0;
			};
			name = Debug;
		};
		764569242C5EFEE600FC6865 /* Release */ = {
			isa = XCBuildConfiguration;
			buildSettings = {
				ASSETCATALOG_COMPILER_APPICON_NAME = AppIcon;
				ASSETCATALOG_COMPILER_GLOBAL_ACCENT_COLOR_NAME = AccentColor;
				CODE_SIGN_ENTITLEMENTS = Swan/Swan.entitlements;
				CODE_SIGN_STYLE = Automatic;
				COMBINE_HIDPI_IMAGES = YES;
				CURRENT_PROJECT_VERSION = 1;
				DEVELOPMENT_ASSET_PATHS = "\"Swan/Preview Content\"";
				DEVELOPMENT_TEAM = ZAB2ZHZQFK;
				ENABLE_HARDENED_RUNTIME = YES;
				ENABLE_PREVIEWS = YES;
				GENERATE_INFOPLIST_FILE = YES;
				INFOPLIST_KEY_NSHumanReadableCopyright = "";
				LD_RUNPATH_SEARCH_PATHS = (
					"$(inherited)",
					"@executable_path/../Frameworks",
				);
				MACOSX_DEPLOYMENT_TARGET = 14.0;
				MARKETING_VERSION = 1.0;
				PRODUCT_BUNDLE_IDENTIFIER = me.ben216k.Swan;
				PRODUCT_NAME = "$(TARGET_NAME)";
				SWIFT_EMIT_LOC_STRINGS = YES;
				SWIFT_VERSION = 5.0;
			};
			name = Release;
		};
		764569262C5EFEE600FC6865 /* Debug */ = {
			isa = XCBuildConfiguration;
			buildSettings = {
				BUNDLE_LOADER = "$(TEST_HOST)";
				CODE_SIGN_STYLE = Automatic;
				CURRENT_PROJECT_VERSION = 1;
				DEVELOPMENT_TEAM = ZAB2ZHZQFK;
				GENERATE_INFOPLIST_FILE = YES;
				MACOSX_DEPLOYMENT_TARGET = 14.0;
				MARKETING_VERSION = 1.0;
				PRODUCT_BUNDLE_IDENTIFIER = me.ben216k.SwanTests;
				PRODUCT_NAME = "$(TARGET_NAME)";
				SWIFT_EMIT_LOC_STRINGS = NO;
				SWIFT_VERSION = 5.0;
				TEST_HOST = "$(BUILT_PRODUCTS_DIR)/Swan.app/$(BUNDLE_EXECUTABLE_FOLDER_PATH)/Swan";
			};
			name = Debug;
		};
		764569272C5EFEE600FC6865 /* Release */ = {
			isa = XCBuildConfiguration;
			buildSettings = {
				BUNDLE_LOADER = "$(TEST_HOST)";
				CODE_SIGN_STYLE = Automatic;
				CURRENT_PROJECT_VERSION = 1;
				DEVELOPMENT_TEAM = ZAB2ZHZQFK;
				GENERATE_INFOPLIST_FILE = YES;
				MACOSX_DEPLOYMENT_TARGET = 14.0;
				MARKETING_VERSION = 1.0;
				PRODUCT_BUNDLE_IDENTIFIER = me.ben216k.SwanTests;
				PRODUCT_NAME = "$(TARGET_NAME)";
				SWIFT_EMIT_LOC_STRINGS = NO;
				SWIFT_VERSION = 5.0;
				TEST_HOST = "$(BUILT_PRODUCTS_DIR)/Swan.app/$(BUNDLE_EXECUTABLE_FOLDER_PATH)/Swan";
			};
			name = Release;
		};
		764569292C5EFEE600FC6865 /* Debug */ = {
			isa = XCBuildConfiguration;
			buildSettings = {
				CODE_SIGN_STYLE = Automatic;
				CURRENT_PROJECT_VERSION = 1;
				DEVELOPMENT_TEAM = ZAB2ZHZQFK;
				GENERATE_INFOPLIST_FILE = YES;
				MARKETING_VERSION = 1.0;
				PRODUCT_BUNDLE_IDENTIFIER = me.ben216k.SwanUITests;
				PRODUCT_NAME = "$(TARGET_NAME)";
				SWIFT_EMIT_LOC_STRINGS = NO;
				SWIFT_VERSION = 5.0;
				TEST_TARGET_NAME = Swan;
			};
			name = Debug;
		};
		7645692A2C5EFEE600FC6865 /* Release */ = {
			isa = XCBuildConfiguration;
			buildSettings = {
				CODE_SIGN_STYLE = Automatic;
				CURRENT_PROJECT_VERSION = 1;
				DEVELOPMENT_TEAM = ZAB2ZHZQFK;
				GENERATE_INFOPLIST_FILE = YES;
				MARKETING_VERSION = 1.0;
				PRODUCT_BUNDLE_IDENTIFIER = me.ben216k.SwanUITests;
				PRODUCT_NAME = "$(TARGET_NAME)";
				SWIFT_EMIT_LOC_STRINGS = NO;
				SWIFT_VERSION = 5.0;
				TEST_TARGET_NAME = Swan;
			};
			name = Release;
		};
/* End XCBuildConfiguration section */

/* Begin XCConfigurationList section */
		764568F62C5EFEE300FC6865 /* Build configuration list for PBXProject "Swan" */ = {
			isa = XCConfigurationList;
			buildConfigurations = (
				764569202C5EFEE600FC6865 /* Debug */,
				764569212C5EFEE600FC6865 /* Release */,
			);
			defaultConfigurationIsVisible = 0;
			defaultConfigurationName = Release;
		};
		764569222C5EFEE600FC6865 /* Build configuration list for PBXNativeTarget "Swan" */ = {
			isa = XCConfigurationList;
			buildConfigurations = (
				764569232C5EFEE600FC6865 /* Debug */,
				764569242C5EFEE600FC6865 /* Release */,
			);
			defaultConfigurationIsVisible = 0;
			defaultConfigurationName = Release;
		};
		764569252C5EFEE600FC6865 /* Build configuration list for PBXNativeTarget "SwanTests" */ = {
			isa = XCConfigurationList;
			buildConfigurations = (
				764569262C5EFEE600FC6865 /* Debug */,
				764569272C5EFEE600FC6865 /* Release */,
			);
			defaultConfigurationIsVisible = 0;
			defaultConfigurationName = Release;
		};
		764569282C5EFEE600FC6865 /* Build configuration list for PBXNativeTarget "SwanUITests" */ = {
			isa = XCConfigurationList;
			buildConfigurations = (
				764569292C5EFEE600FC6865 /* Debug */,
				7645692A2C5EFEE600FC6865 /* Release */,
			);
			defaultConfigurationIsVisible = 0;
			defaultConfigurationName = Release;
		};
/* End XCConfigurationList section */
	};
	rootObject = 764568F32C5EFEE300FC6865 /* Project object */;
}
