// !$*UTF8*$!
{
	archiveVersion = 1;
	classes = {
	};
	objectVersion = 60;
	objects = {

/* Begin PBXBuildFile section */
		760258AC2C6AF1B200D07B70 /* SUSafariProductResolved.swift in Sources */ = {isa = PBXBuildFile; fileRef = 760258AB2C6AF1B200D07B70 /* SUSafariProductResolved.swift */; };
		760258AE2C6AF93300D07B70 /* SafariListView.swift in Sources */ = {isa = PBXBuildFile; fileRef = 760258AD2C6AF93300D07B70 /* SafariListView.swift */; };
		760258B02C6AFDAD00D07B70 /* SWErrorTotalView.swift in Sources */ = {isa = PBXBuildFile; fileRef = 760258AF2C6AFDA300D07B70 /* SWErrorTotalView.swift */; };
		764568FF2C5EFEE400FC6865 /* SwanApp.swift in Sources */ = {isa = PBXBuildFile; fileRef = 764568FE2C5EFEE400FC6865 /* SwanApp.swift */; };
		764569012C5EFEE400FC6865 /* ContentView.swift in Sources */ = {isa = PBXBuildFile; fileRef = 764569002C5EFEE400FC6865 /* ContentView.swift */; };
		764569052C5EFEE600FC6865 /* Assets.xcassets in Resources */ = {isa = PBXBuildFile; fileRef = 764569042C5EFEE600FC6865 /* Assets.xcassets */; };
		764569082C5EFEE600FC6865 /* Preview Assets.xcassets in Resources */ = {isa = PBXBuildFile; fileRef = 764569072C5EFEE600FC6865 /* Preview Assets.xcassets */; };
		764569132C5EFEE600FC6865 /* SwanTests.swift in Sources */ = {isa = PBXBuildFile; fileRef = 764569122C5EFEE600FC6865 /* SwanTests.swift */; };
		7645692F2C5F012100FC6865 /* Logger.swift in Sources */ = {isa = PBXBuildFile; fileRef = 7645692E2C5F011E00FC6865 /* Logger.swift */; };
		764569322C5F103C00FC6865 /* SUCatalog.swift in Sources */ = {isa = PBXBuildFile; fileRef = 764569312C5F103A00FC6865 /* SUCatalog.swift */; };
		764569342C5F105900FC6865 /* SUCache.swift in Sources */ = {isa = PBXBuildFile; fileRef = 764569332C5F105800FC6865 /* SUCache.swift */; };
		764569362C5F15A000FC6865 /* SWError.swift in Sources */ = {isa = PBXBuildFile; fileRef = 764569352C5F159F00FC6865 /* SWError.swift */; };
		764569382C5F160500FC6865 /* Localizable.xcstrings in Resources */ = {isa = PBXBuildFile; fileRef = 764569372C5F160500FC6865 /* Localizable.xcstrings */; };
		7645693C2C5F1D7100FC6865 /* DownloadCatalog.swift in Sources */ = {isa = PBXBuildFile; fileRef = 7645693B2C5F1D6C00FC6865 /* DownloadCatalog.swift */; };
		764569402C5F1E2300FC6865 /* SUMacOSPackage.swift in Sources */ = {isa = PBXBuildFile; fileRef = 7645693D2C5F1E2300FC6865 /* SUMacOSPackage.swift */; };
		764569412C5F1E2300FC6865 /* SUProductResolved.swift in Sources */ = {isa = PBXBuildFile; fileRef = 7645693E2C5F1E2300FC6865 /* SUProductResolved.swift */; };
		764569432C5F301800FC6865 /* HardcodedCatalogs.swift in Sources */ = {isa = PBXBuildFile; fileRef = 764569422C5F301800FC6865 /* HardcodedCatalogs.swift */; };
		76A28F752C645C5800238999 /* MacOSTableView.swift in Sources */ = {isa = PBXBuildFile; fileRef = 76A28F742C645C5200238999 /* MacOSTableView.swift */; };
		76EF317B2C66CF1F009D07DA /* Initialization.swift in Sources */ = {isa = PBXBuildFile; fileRef = 76EF317A2C66CF13009D07DA /* Initialization.swift */; };
		76EF317F2C6722E5009D07DA /* FakeTableItem.swift in Sources */ = {isa = PBXBuildFile; fileRef = 76EF317E2C6722E2009D07DA /* FakeTableItem.swift */; };
		76EF31812C681DE4009D07DA /* PackagePieces.swift in Sources */ = {isa = PBXBuildFile; fileRef = 76EF31802C681DD9009D07DA /* PackagePieces.swift */; };
		76EF31832C685868009D07DA /* DownloadManager.swift in Sources */ = {isa = PBXBuildFile; fileRef = 76EF31822C685865009D07DA /* DownloadManager.swift */; };
		76EF31852C685E0F009D07DA /* DownloadManagerView.swift in Sources */ = {isa = PBXBuildFile; fileRef = 76EF31842C685E09009D07DA /* DownloadManagerView.swift */; };
		76F060192C73D865003D698B /* SUServerMetaData.swift in Sources */ = {isa = PBXBuildFile; fileRef = 76F060182C73D865003D698B /* SUServerMetaData.swift */; };
		76F0601B2C73DA3D003D698B /* SMDResolve.swift in Sources */ = {isa = PBXBuildFile; fileRef = 76F0601A2C73DA33003D698B /* SMDResolve.swift */; };
		76F0601E2C73E491003D698B /* SMDView.swift in Sources */ = {isa = PBXBuildFile; fileRef = 76F0601D2C73E47B003D698B /* SMDView.swift */; };
		76F060212C73E788003D698B /* HTMLRenderer.swift in Sources */ = {isa = PBXBuildFile; fileRef = 76F060202C73E788003D698B /* HTMLRenderer.swift */; };
		76F060232C742F4C003D698B /* ProductDetailView.swift in Sources */ = {isa = PBXBuildFile; fileRef = 76F060222C742F49003D698B /* ProductDetailView.swift */; };
		76F060262C743050003D698B /* DistributionRow.swift in Sources */ = {isa = PBXBuildFile; fileRef = 76F060252C743050003D698B /* DistributionRow.swift */; };
		76F060292C752AA3003D698B /* CollapsibleHeader.swift in Sources */ = {isa = PBXBuildFile; fileRef = 76F060282C752AA3003D698B /* CollapsibleHeader.swift */; };
		76F0602B2C752B73003D698B /* SUUnresolvedProduct.swift in Sources */ = {isa = PBXBuildFile; fileRef = 76F0602A2C752B6D003D698B /* SUUnresolvedProduct.swift */; };
		76F0602D2C75339D003D698B /* EVERYTHINGListView.swift in Sources */ = {isa = PBXBuildFile; fileRef = 76F0602C2C753395003D698B /* EVERYTHINGListView.swift */; };
		76F0602F2C769AA9003D698B /* SUBridgeOSProduct.swift in Sources */ = {isa = PBXBuildFile; fileRef = 76F0602E2C769A9D003D698B /* SUBridgeOSProduct.swift */; };
		76F060322C76AE91003D698B /* SUCLToolsResolved.swift in Sources */ = {isa = PBXBuildFile; fileRef = 76F060312C76AE91003D698B /* SUCLToolsResolved.swift */; };
		76F060342C76D24F003D698B /* SUSecurityUpdateResolved.swift in Sources */ = {isa = PBXBuildFile; fileRef = 76F060332C76D24F003D698B /* SUSecurityUpdateResolved.swift */; };
		76F060362C780DAF003D698B /* SUVoiceUpdateResolved.swift in Sources */ = {isa = PBXBuildFile; fileRef = 76F060352C780DAF003D698B /* SUVoiceUpdateResolved.swift */; };
		76F060382C781E7F003D698B /* SUFakedResolved.swift in Sources */ = {isa = PBXBuildFile; fileRef = 76F060372C781E7F003D698B /* SUFakedResolved.swift */; };
/* End PBXBuildFile section */

/* Begin PBXContainerItemProxy section */
		7645690F2C5EFEE600FC6865 /* PBXContainerItemProxy */ = {
			isa = PBXContainerItemProxy;
			containerPortal = 764568F32C5EFEE300FC6865 /* Project object */;
			proxyType = 1;
			remoteGlobalIDString = 764568FA2C5EFEE400FC6865;
			remoteInfo = Swan;
		};
/* End PBXContainerItemProxy section */

/* Begin PBXFileReference section */
		760258AB2C6AF1B200D07B70 /* SUSafariProductResolved.swift */ = {isa = PBXFileReference; lastKnownFileType = sourcecode.swift; path = SUSafariProductResolved.swift; sourceTree = "<group>"; };
		760258AD2C6AF93300D07B70 /* SafariListView.swift */ = {isa = PBXFileReference; lastKnownFileType = sourcecode.swift; path = SafariListView.swift; sourceTree = "<group>"; };
		760258AF2C6AFDA300D07B70 /* SWErrorTotalView.swift */ = {isa = PBXFileReference; lastKnownFileType = sourcecode.swift; path = SWErrorTotalView.swift; sourceTree = "<group>"; };
		764568FB2C5EFEE400FC6865 /* Swan.app */ = {isa = PBXFileReference; explicitFileType = wrapper.application; includeInIndex = 0; path = Swan.app; sourceTree = BUILT_PRODUCTS_DIR; };
		764568FE2C5EFEE400FC6865 /* SwanApp.swift */ = {isa = PBXFileReference; lastKnownFileType = sourcecode.swift; path = SwanApp.swift; sourceTree = "<group>"; };
		764569002C5EFEE400FC6865 /* ContentView.swift */ = {isa = PBXFileReference; lastKnownFileType = sourcecode.swift; path = ContentView.swift; sourceTree = "<group>"; };
		764569042C5EFEE600FC6865 /* Assets.xcassets */ = {isa = PBXFileReference; lastKnownFileType = folder.assetcatalog; path = Assets.xcassets; sourceTree = "<group>"; };
		764569072C5EFEE600FC6865 /* Preview Assets.xcassets */ = {isa = PBXFileReference; lastKnownFileType = folder.assetcatalog; path = "Preview Assets.xcassets"; sourceTree = "<group>"; };
		764569092C5EFEE600FC6865 /* Swan.entitlements */ = {isa = PBXFileReference; lastKnownFileType = text.plist.entitlements; path = Swan.entitlements; sourceTree = "<group>"; };
		7645690E2C5EFEE600FC6865 /* SwanTests.xctest */ = {isa = PBXFileReference; explicitFileType = wrapper.cfbundle; includeInIndex = 0; path = SwanTests.xctest; sourceTree = BUILT_PRODUCTS_DIR; };
		764569122C5EFEE600FC6865 /* SwanTests.swift */ = {isa = PBXFileReference; lastKnownFileType = sourcecode.swift; path = SwanTests.swift; sourceTree = "<group>"; };
		7645692E2C5F011E00FC6865 /* Logger.swift */ = {isa = PBXFileReference; lastKnownFileType = sourcecode.swift; path = Logger.swift; sourceTree = "<group>"; };
		764569312C5F103A00FC6865 /* SUCatalog.swift */ = {isa = PBXFileReference; lastKnownFileType = sourcecode.swift; path = SUCatalog.swift; sourceTree = "<group>"; };
		764569332C5F105800FC6865 /* SUCache.swift */ = {isa = PBXFileReference; lastKnownFileType = sourcecode.swift; path = SUCache.swift; sourceTree = "<group>"; };
		764569352C5F159F00FC6865 /* SWError.swift */ = {isa = PBXFileReference; lastKnownFileType = sourcecode.swift; path = SWError.swift; sourceTree = "<group>"; };
		764569372C5F160500FC6865 /* Localizable.xcstrings */ = {isa = PBXFileReference; lastKnownFileType = text.json.xcstrings; path = Localizable.xcstrings; sourceTree = "<group>"; };
		7645693B2C5F1D6C00FC6865 /* DownloadCatalog.swift */ = {isa = PBXFileReference; lastKnownFileType = sourcecode.swift; path = DownloadCatalog.swift; sourceTree = "<group>"; };
		7645693D2C5F1E2300FC6865 /* SUMacOSPackage.swift */ = {isa = PBXFileReference; lastKnownFileType = sourcecode.swift; path = SUMacOSPackage.swift; sourceTree = "<group>"; };
		7645693E2C5F1E2300FC6865 /* SUProductResolved.swift */ = {isa = PBXFileReference; lastKnownFileType = sourcecode.swift; path = SUProductResolved.swift; sourceTree = "<group>"; };
		764569422C5F301800FC6865 /* HardcodedCatalogs.swift */ = {isa = PBXFileReference; lastKnownFileType = sourcecode.swift; path = HardcodedCatalogs.swift; sourceTree = "<group>"; };
		76A28F742C645C5200238999 /* MacOSTableView.swift */ = {isa = PBXFileReference; lastKnownFileType = sourcecode.swift; path = MacOSTableView.swift; sourceTree = "<group>"; };
		76EF317A2C66CF13009D07DA /* Initialization.swift */ = {isa = PBXFileReference; lastKnownFileType = sourcecode.swift; path = Initialization.swift; sourceTree = "<group>"; };
		76EF317E2C6722E2009D07DA /* FakeTableItem.swift */ = {isa = PBXFileReference; lastKnownFileType = sourcecode.swift; path = FakeTableItem.swift; sourceTree = "<group>"; };
		76EF31802C681DD9009D07DA /* PackagePieces.swift */ = {isa = PBXFileReference; lastKnownFileType = sourcecode.swift; path = PackagePieces.swift; sourceTree = "<group>"; };
		76EF31822C685865009D07DA /* DownloadManager.swift */ = {isa = PBXFileReference; lastKnownFileType = sourcecode.swift; path = DownloadManager.swift; sourceTree = "<group>"; };
		76EF31842C685E09009D07DA /* DownloadManagerView.swift */ = {isa = PBXFileReference; lastKnownFileType = sourcecode.swift; path = DownloadManagerView.swift; sourceTree = "<group>"; };
		76F060182C73D865003D698B /* SUServerMetaData.swift */ = {isa = PBXFileReference; lastKnownFileType = sourcecode.swift; path = SUServerMetaData.swift; sourceTree = "<group>"; };
		76F0601A2C73DA33003D698B /* SMDResolve.swift */ = {isa = PBXFileReference; lastKnownFileType = sourcecode.swift; path = SMDResolve.swift; sourceTree = "<group>"; };
		76F0601C2C73E2D3003D698B /* .gitignore */ = {isa = PBXFileReference; lastKnownFileType = text; path = .gitignore; sourceTree = "<group>"; };
		76F0601D2C73E47B003D698B /* SMDView.swift */ = {isa = PBXFileReference; lastKnownFileType = sourcecode.swift; path = SMDView.swift; sourceTree = "<group>"; };
		76F060202C73E788003D698B /* HTMLRenderer.swift */ = {isa = PBXFileReference; lastKnownFileType = sourcecode.swift; path = HTMLRenderer.swift; sourceTree = "<group>"; };
		76F060222C742F49003D698B /* ProductDetailView.swift */ = {isa = PBXFileReference; lastKnownFileType = sourcecode.swift; path = ProductDetailView.swift; sourceTree = "<group>"; };
		76F060252C743050003D698B /* DistributionRow.swift */ = {isa = PBXFileReference; lastKnownFileType = sourcecode.swift; path = DistributionRow.swift; sourceTree = "<group>"; };
		76F060282C752AA3003D698B /* CollapsibleHeader.swift */ = {isa = PBXFileReference; lastKnownFileType = sourcecode.swift; path = CollapsibleHeader.swift; sourceTree = "<group>"; };
		76F0602A2C752B6D003D698B /* SUUnresolvedProduct.swift */ = {isa = PBXFileReference; lastKnownFileType = sourcecode.swift; path = SUUnresolvedProduct.swift; sourceTree = "<group>"; };
		76F0602C2C753395003D698B /* EVERYTHINGListView.swift */ = {isa = PBXFileReference; lastKnownFileType = sourcecode.swift; path = EVERYTHINGListView.swift; sourceTree = "<group>"; };
		76F0602E2C769A9D003D698B /* SUBridgeOSProduct.swift */ = {isa = PBXFileReference; lastKnownFileType = sourcecode.swift; path = SUBridgeOSProduct.swift; sourceTree = "<group>"; };
		76F060312C76AE91003D698B /* SUCLToolsResolved.swift */ = {isa = PBXFileReference; lastKnownFileType = sourcecode.swift; path = SUCLToolsResolved.swift; sourceTree = "<group>"; };
		76F060332C76D24F003D698B /* SUSecurityUpdateResolved.swift */ = {isa = PBXFileReference; lastKnownFileType = sourcecode.swift; path = SUSecurityUpdateResolved.swift; sourceTree = "<group>"; };
		76F060352C780DAF003D698B /* SUVoiceUpdateResolved.swift */ = {isa = PBXFileReference; lastKnownFileType = sourcecode.swift; path = SUVoiceUpdateResolved.swift; sourceTree = "<group>"; };
		76F060372C781E7F003D698B /* SUFakedResolved.swift */ = {isa = PBXFileReference; lastKnownFileType = sourcecode.swift; path = SUFakedResolved.swift; sourceTree = "<group>"; };
/* End PBXFileReference section */

/* Begin PBXFrameworksBuildPhase section */
		764568F82C5EFEE400FC6865 /* Frameworks */ = {
			isa = PBXFrameworksBuildPhase;
			buildActionMask = 2147483647;
			files = (
			);
			runOnlyForDeploymentPostprocessing = 0;
		};
		7645690B2C5EFEE600FC6865 /* Frameworks */ = {
			isa = PBXFrameworksBuildPhase;
			buildActionMask = 2147483647;
			files = (
			);
			runOnlyForDeploymentPostprocessing = 0;
		};
/* End PBXFrameworksBuildPhase section */

/* Begin PBXGroup section */
		764568F22C5EFEE300FC6865 = {
			isa = PBXGroup;
			children = (
				764568FD2C5EFEE400FC6865 /* Swan */,
				764569112C5EFEE600FC6865 /* SwanTests */,
				76F0601C2C73E2D3003D698B /* .gitignore */,
				764568FC2C5EFEE400FC6865 /* Products */,
			);
			sourceTree = "<group>";
		};
		764568FC2C5EFEE400FC6865 /* Products */ = {
			isa = PBXGroup;
			children = (
				764568FB2C5EFEE400FC6865 /* Swan.app */,
				7645690E2C5EFEE600FC6865 /* SwanTests.xctest */,
			);
			name = Products;
			sourceTree = "<group>";
		};
		764568FD2C5EFEE400FC6865 /* Swan */ = {
			isa = PBXGroup;
			children = (
				76EF31772C66CC23009D07DA /* Views */,
				76A28F732C645C4D00238999 /* ViewControllers */,
				7645693A2C5F174600FC6865 /* SwcdnFunctions */,
				764569302C5F101C00FC6865 /* SwcdnTypes */,
				7645692D2C5EFFF200FC6865 /* CoreCode */,
				764569002C5EFEE400FC6865 /* ContentView.swift */,
				764569042C5EFEE600FC6865 /* Assets.xcassets */,
				764569092C5EFEE600FC6865 /* Swan.entitlements */,
				764569062C5EFEE600FC6865 /* Preview Content */,
				764569372C5F160500FC6865 /* Localizable.xcstrings */,
			);
			path = Swan;
			sourceTree = "<group>";
		};
		764569062C5EFEE600FC6865 /* Preview Content */ = {
			isa = PBXGroup;
			children = (
				764569072C5EFEE600FC6865 /* Preview Assets.xcassets */,
			);
			path = "Preview Content";
			sourceTree = "<group>";
		};
		764569112C5EFEE600FC6865 /* SwanTests */ = {
			isa = PBXGroup;
			children = (
				764569122C5EFEE600FC6865 /* SwanTests.swift */,
			);
			path = SwanTests;
			sourceTree = "<group>";
		};
		7645692D2C5EFFF200FC6865 /* CoreCode */ = {
			isa = PBXGroup;
			children = (
				764569352C5F159F00FC6865 /* SWError.swift */,
				7645692E2C5F011E00FC6865 /* Logger.swift */,
				764568FE2C5EFEE400FC6865 /* SwanApp.swift */,
			);
			path = CoreCode;
			sourceTree = "<group>";
		};
		764569302C5F101C00FC6865 /* SwcdnTypes */ = {
			isa = PBXGroup;
			children = (
				7645693F2C5F1E2300FC6865 /* resolved */,
				764569332C5F105800FC6865 /* SUCache.swift */,
				764569312C5F103A00FC6865 /* SUCatalog.swift */,
				764569422C5F301800FC6865 /* HardcodedCatalogs.swift */,
				76F060182C73D865003D698B /* SUServerMetaData.swift */,
			);
			path = SwcdnTypes;
			sourceTree = "<group>";
		};
		7645693A2C5F174600FC6865 /* SwcdnFunctions */ = {
			isa = PBXGroup;
			children = (
				76F0601A2C73DA33003D698B /* SMDResolve.swift */,
				76EF31822C685865009D07DA /* DownloadManager.swift */,
				76EF317A2C66CF13009D07DA /* Initialization.swift */,
				7645693B2C5F1D6C00FC6865 /* DownloadCatalog.swift */,
			);
			path = SwcdnFunctions;
			sourceTree = "<group>";
		};
		7645693F2C5F1E2300FC6865 /* resolved */ = {
			isa = PBXGroup;
			children = (
				76F060372C781E7F003D698B /* SUFakedResolved.swift */,
				76F060352C780DAF003D698B /* SUVoiceUpdateResolved.swift */,
				76F060332C76D24F003D698B /* SUSecurityUpdateResolved.swift */,
				76F060312C76AE91003D698B /* SUCLToolsResolved.swift */,
				76F0602E2C769A9D003D698B /* SUBridgeOSProduct.swift */,
				76F0602A2C752B6D003D698B /* SUUnresolvedProduct.swift */,
				760258AB2C6AF1B200D07B70 /* SUSafariProductResolved.swift */,
				7645693D2C5F1E2300FC6865 /* SUMacOSPackage.swift */,
				7645693E2C5F1E2300FC6865 /* SUProductResolved.swift */,
			);
			path = resolved;
			sourceTree = "<group>";
		};
		76A28F732C645C4D00238999 /* ViewControllers */ = {
			isa = PBXGroup;
			children = (
				76F060222C742F49003D698B /* ProductDetailView.swift */,
				76F060202C73E788003D698B /* HTMLRenderer.swift */,
				760258AF2C6AFDA300D07B70 /* SWErrorTotalView.swift */,
				76A28F742C645C5200238999 /* MacOSTableView.swift */,
				760258AD2C6AF93300D07B70 /* SafariListView.swift */,
				76F0602C2C753395003D698B /* EVERYTHINGListView.swift */,
			);
			path = ViewControllers;
			sourceTree = "<group>";
		};
		76EF31772C66CC23009D07DA /* Views */ = {
			isa = PBXGroup;
			children = (
				76F060282C752AA3003D698B /* CollapsibleHeader.swift */,
				76F060252C743050003D698B /* DistributionRow.swift */,
				76F0601D2C73E47B003D698B /* SMDView.swift */,
				76EF31842C685E09009D07DA /* DownloadManagerView.swift */,
				76EF31802C681DD9009D07DA /* PackagePieces.swift */,
				76EF317E2C6722E2009D07DA /* FakeTableItem.swift */,
			);
			path = Views;
			sourceTree = "<group>";
		};
/* End PBXGroup section */

/* Begin PBXNativeTarget section */
		764568FA2C5EFEE400FC6865 /* Swan */ = {
			isa = PBXNativeTarget;
			buildConfigurationList = 764569222C5EFEE600FC6865 /* Build configuration list for PBXNativeTarget "Swan" */;
			buildPhases = (
				764568F72C5EFEE400FC6865 /* Sources */,
				764568F82C5EFEE400FC6865 /* Frameworks */,
				764568F92C5EFEE400FC6865 /* Resources */,
			);
			buildRules = (
			);
			dependencies = (
			);
			name = Swan;
			productName = Swan;
			productReference = 764568FB2C5EFEE400FC6865 /* Swan.app */;
			productType = "com.apple.product-type.application";
		};
		7645690D2C5EFEE600FC6865 /* SwanTests */ = {
			isa = PBXNativeTarget;
			buildConfigurationList = 764569252C5EFEE600FC6865 /* Build configuration list for PBXNativeTarget "SwanTests" */;
			buildPhases = (
				7645690A2C5EFEE600FC6865 /* Sources */,
				7645690B2C5EFEE600FC6865 /* Frameworks */,
				7645690C2C5EFEE600FC6865 /* Resources */,
			);
			buildRules = (
			);
			dependencies = (
				764569102C5EFEE600FC6865 /* PBXTargetDependency */,
			);
			name = SwanTests;
			productName = SwanTests;
			productReference = 7645690E2C5EFEE600FC6865 /* SwanTests.xctest */;
			productType = "com.apple.product-type.bundle.unit-test";
		};
/* End PBXNativeTarget section */

/* Begin PBXProject section */
		764568F32C5EFEE300FC6865 /* Project object */ = {
			isa = PBXProject;
			attributes = {
				BuildIndependentTargetsInParallel = 1;
				LastSwiftUpdateCheck = 1600;
				LastUpgradeCheck = 1600;
				TargetAttributes = {
					764568FA2C5EFEE400FC6865 = {
						CreatedOnToolsVersion = 16.0;
					};
					7645690D2C5EFEE600FC6865 = {
						CreatedOnToolsVersion = 16.0;
						TestTargetID = 764568FA2C5EFEE400FC6865;
					};
				};
			};
			buildConfigurationList = 764568F62C5EFEE300FC6865 /* Build configuration list for PBXProject "Swan" */;
			compatibilityVersion = "Xcode 15.0";
			developmentRegion = en;
			hasScannedForEncodings = 0;
			knownRegions = (
				en,
				Base,
			);
			mainGroup = 764568F22C5EFEE300FC6865;
			productRefGroup = 764568FC2C5EFEE400FC6865 /* Products */;
			projectDirPath = "";
			projectRoot = "";
			targets = (
				764568FA2C5EFEE400FC6865 /* Swan */,
				7645690D2C5EFEE600FC6865 /* SwanTests */,
			);
		};
/* End PBXProject section */

/* Begin PBXResourcesBuildPhase section */
		764568F92C5EFEE400FC6865 /* Resources */ = {
			isa = PBXResourcesBuildPhase;
			buildActionMask = 2147483647;
			files = (
				764569082C5EFEE600FC6865 /* Preview Assets.xcassets in Resources */,
				764569052C5EFEE600FC6865 /* Assets.xcassets in Resources */,
				764569382C5F160500FC6865 /* Localizable.xcstrings in Resources */,
			);
			runOnlyForDeploymentPostprocessing = 0;
		};
		7645690C2C5EFEE600FC6865 /* Resources */ = {
			isa = PBXResourcesBuildPhase;
			buildActionMask = 2147483647;
			files = (
			);
			runOnlyForDeploymentPostprocessing = 0;
		};
/* End PBXResourcesBuildPhase section */

/* Begin PBXSourcesBuildPhase section */
		764568F72C5EFEE400FC6865 /* Sources */ = {
			isa = PBXSourcesBuildPhase;
			buildActionMask = 2147483647;
			files = (
				764569012C5EFEE400FC6865 /* ContentView.swift in Sources */,
				76F060292C752AA3003D698B /* CollapsibleHeader.swift in Sources */,
				764569402C5F1E2300FC6865 /* SUMacOSPackage.swift in Sources */,
				76EF317F2C6722E5009D07DA /* FakeTableItem.swift in Sources */,
				76F0602B2C752B73003D698B /* SUUnresolvedProduct.swift in Sources */,
				76EF31832C685868009D07DA /* DownloadManager.swift in Sources */,
				76F060192C73D865003D698B /* SUServerMetaData.swift in Sources */,
				76F0602F2C769AA9003D698B /* SUBridgeOSProduct.swift in Sources */,
				76F0602D2C75339D003D698B /* EVERYTHINGListView.swift in Sources */,
				760258B02C6AFDAD00D07B70 /* SWErrorTotalView.swift in Sources */,
				76F0601E2C73E491003D698B /* SMDView.swift in Sources */,
				76EF317B2C66CF1F009D07DA /* Initialization.swift in Sources */,
				76EF31812C681DE4009D07DA /* PackagePieces.swift in Sources */,
				764569412C5F1E2300FC6865 /* SUProductResolved.swift in Sources */,
				76F060342C76D24F003D698B /* SUSecurityUpdateResolved.swift in Sources */,
				760258AC2C6AF1B200D07B70 /* SUSafariProductResolved.swift in Sources */,
				760258AE2C6AF93300D07B70 /* SafariListView.swift in Sources */,
				76EF31852C685E0F009D07DA /* DownloadManagerView.swift in Sources */,
				764569322C5F103C00FC6865 /* SUCatalog.swift in Sources */,
				7645693C2C5F1D7100FC6865 /* DownloadCatalog.swift in Sources */,
				764568FF2C5EFEE400FC6865 /* SwanApp.swift in Sources */,
				76F060322C76AE91003D698B /* SUCLToolsResolved.swift in Sources */,
				76F060262C743050003D698B /* DistributionRow.swift in Sources */,
				764569432C5F301800FC6865 /* HardcodedCatalogs.swift in Sources */,
				764569342C5F105900FC6865 /* SUCache.swift in Sources */,
				764569362C5F15A000FC6865 /* SWError.swift in Sources */,
				7645692F2C5F012100FC6865 /* Logger.swift in Sources */,
				76F060362C780DAF003D698B /* SUVoiceUpdateResolved.swift in Sources */,
				76A28F752C645C5800238999 /* MacOSTableView.swift in Sources */,
				76F060232C742F4C003D698B /* ProductDetailView.swift in Sources */,
				76F0601B2C73DA3D003D698B /* SMDResolve.swift in Sources */,
				76F060382C781E7F003D698B /* SUFakedResolved.swift in Sources */,
				76F060212C73E788003D698B /* HTMLRenderer.swift in Sources */,
			);
			runOnlyForDeploymentPostprocessing = 0;
		};
		7645690A2C5EFEE600FC6865 /* Sources */ = {
			isa = PBXSourcesBuildPhase;
			buildActionMask = 2147483647;
			files = (
				764569132C5EFEE600FC6865 /* SwanTests.swift in Sources */,
			);
			runOnlyForDeploymentPostprocessing = 0;
		};
/* End PBXSourcesBuildPhase section */

/* Begin PBXTargetDependency section */
		764569102C5EFEE600FC6865 /* PBXTargetDependency */ = {
			isa = PBXTargetDependency;
			target = 764568FA2C5EFEE400FC6865 /* Swan */;
			targetProxy = 7645690F2C5EFEE600FC6865 /* PBXContainerItemProxy */;
		};
/* End PBXTargetDependency section */

/* Begin XCBuildConfiguration section */
		764569202C5EFEE600FC6865 /* Debug */ = {
			isa = XCBuildConfiguration;
			buildSettings = {
				ALWAYS_SEARCH_USER_PATHS = NO;
				ASSETCATALOG_COMPILER_GENERATE_SWIFT_ASSET_SYMBOL_EXTENSIONS = YES;
				CLANG_ANALYZER_NONNULL = YES;
				CLANG_ANALYZER_NUMBER_OBJECT_CONVERSION = YES_AGGRESSIVE;
				CLANG_CXX_LANGUAGE_STANDARD = "gnu++20";
				CLANG_ENABLE_MODULES = YES;
				CLANG_ENABLE_OBJC_ARC = YES;
				CLANG_ENABLE_OBJC_WEAK = YES;
				CLANG_WARN_BLOCK_CAPTURE_AUTORELEASING = YES;
				CLANG_WARN_BOOL_CONVERSION = YES;
				CLANG_WARN_COMMA = YES;
				CLANG_WARN_CONSTANT_CONVERSION = YES;
				CLANG_WARN_DEPRECATED_OBJC_IMPLEMENTATIONS = YES;
				CLANG_WARN_DIRECT_OBJC_ISA_USAGE = YES_ERROR;
				CLANG_WARN_DOCUMENTATION_COMMENTS = YES;
				CLANG_WARN_EMPTY_BODY = YES;
				CLANG_WARN_ENUM_CONVERSION = YES;
				CLANG_WARN_INFINITE_RECURSION = YES;
				CLANG_WARN_INT_CONVERSION = YES;
				CLANG_WARN_NON_LITERAL_NULL_CONVERSION = YES;
				CLANG_WARN_OBJC_IMPLICIT_RETAIN_SELF = YES;
				CLANG_WARN_OBJC_LITERAL_CONVERSION = YES;
				CLANG_WARN_OBJC_ROOT_CLASS = YES_ERROR;
				CLANG_WARN_QUOTED_INCLUDE_IN_FRAMEWORK_HEADER = YES;
				CLANG_WARN_RANGE_LOOP_ANALYSIS = YES;
				CLANG_WARN_STRICT_PROTOTYPES = YES;
				CLANG_WARN_SUSPICIOUS_MOVE = YES;
				CLANG_WARN_UNGUARDED_AVAILABILITY = YES_AGGRESSIVE;
				CLANG_WARN_UNREACHABLE_CODE = YES;
				CLANG_WARN__DUPLICATE_METHOD_MATCH = YES;
				COPY_PHASE_STRIP = NO;
				DEBUG_INFORMATION_FORMAT = dwarf;
				ENABLE_STRICT_OBJC_MSGSEND = YES;
				ENABLE_TESTABILITY = YES;
				ENABLE_USER_SCRIPT_SANDBOXING = YES;
				GCC_C_LANGUAGE_STANDARD = gnu17;
				GCC_DYNAMIC_NO_PIC = NO;
				GCC_NO_COMMON_BLOCKS = YES;
				GCC_OPTIMIZATION_LEVEL = 0;
				GCC_PREPROCESSOR_DEFINITIONS = (
					"DEBUG=1",
					"$(inherited)",
				);
				GCC_WARN_64_TO_32_BIT_CONVERSION = YES;
				GCC_WARN_ABOUT_RETURN_TYPE = YES_ERROR;
				GCC_WARN_UNDECLARED_SELECTOR = YES;
				GCC_WARN_UNINITIALIZED_AUTOS = YES_AGGRESSIVE;
				GCC_WARN_UNUSED_FUNCTION = YES;
				GCC_WARN_UNUSED_VARIABLE = YES;
				LOCALIZATION_PREFERS_STRING_CATALOGS = YES;
				MACOSX_DEPLOYMENT_TARGET = 15.0;
				MTL_ENABLE_DEBUG_INFO = INCLUDE_SOURCE;
				MTL_FAST_MATH = YES;
				ONLY_ACTIVE_ARCH = YES;
				SDKROOT = macosx;
				SWIFT_ACTIVE_COMPILATION_CONDITIONS = "DEBUG $(inherited)";
				SWIFT_EMIT_LOC_STRINGS = YES;
				SWIFT_OPTIMIZATION_LEVEL = "-Onone";
			};
			name = Debug;
		};
		764569212C5EFEE600FC6865 /* Release */ = {
			isa = XCBuildConfiguration;
			buildSettings = {
				ALWAYS_SEARCH_USER_PATHS = NO;
				ASSETCATALOG_COMPILER_GENERATE_SWIFT_ASSET_SYMBOL_EXTENSIONS = YES;
				CLANG_ANALYZER_NONNULL = YES;
				CLANG_ANALYZER_NUMBER_OBJECT_CONVERSION = YES_AGGRESSIVE;
				CLANG_CXX_LANGUAGE_STANDARD = "gnu++20";
				CLANG_ENABLE_MODULES = YES;
				CLANG_ENABLE_OBJC_ARC = YES;
				CLANG_ENABLE_OBJC_WEAK = YES;
				CLANG_WARN_BLOCK_CAPTURE_AUTORELEASING = YES;
				CLANG_WARN_BOOL_CONVERSION = YES;
				CLANG_WARN_COMMA = YES;
				CLANG_WARN_CONSTANT_CONVERSION = YES;
				CLANG_WARN_DEPRECATED_OBJC_IMPLEMENTATIONS = YES;
				CLANG_WARN_DIRECT_OBJC_ISA_USAGE = YES_ERROR;
				CLANG_WARN_DOCUMENTATION_COMMENTS = YES;
				CLANG_WARN_EMPTY_BODY = YES;
				CLANG_WARN_ENUM_CONVERSION = YES;
				CLANG_WARN_INFINITE_RECURSION = YES;
				CLANG_WARN_INT_CONVERSION = YES;
				CLANG_WARN_NON_LITERAL_NULL_CONVERSION = YES;
				CLANG_WARN_OBJC_IMPLICIT_RETAIN_SELF = YES;
				CLANG_WARN_OBJC_LITERAL_CONVERSION = YES;
				CLANG_WARN_OBJC_ROOT_CLASS = YES_ERROR;
				CLANG_WARN_QUOTED_INCLUDE_IN_FRAMEWORK_HEADER = YES;
				CLANG_WARN_RANGE_LOOP_ANALYSIS = YES;
				CLANG_WARN_STRICT_PROTOTYPES = YES;
				CLANG_WARN_SUSPICIOUS_MOVE = YES;
				CLANG_WARN_UNGUARDED_AVAILABILITY = YES_AGGRESSIVE;
				CLANG_WARN_UNREACHABLE_CODE = YES;
				CLANG_WARN__DUPLICATE_METHOD_MATCH = YES;
				COPY_PHASE_STRIP = NO;
				DEBUG_INFORMATION_FORMAT = "dwarf-with-dsym";
				ENABLE_NS_ASSERTIONS = NO;
				ENABLE_STRICT_OBJC_MSGSEND = YES;
				ENABLE_USER_SCRIPT_SANDBOXING = YES;
				GCC_C_LANGUAGE_STANDARD = gnu17;
				GCC_NO_COMMON_BLOCKS = YES;
				GCC_WARN_64_TO_32_BIT_CONVERSION = YES;
				GCC_WARN_ABOUT_RETURN_TYPE = YES_ERROR;
				GCC_WARN_UNDECLARED_SELECTOR = YES;
				GCC_WARN_UNINITIALIZED_AUTOS = YES_AGGRESSIVE;
				GCC_WARN_UNUSED_FUNCTION = YES;
				GCC_WARN_UNUSED_VARIABLE = YES;
				LOCALIZATION_PREFERS_STRING_CATALOGS = YES;
				MACOSX_DEPLOYMENT_TARGET = 15.0;
				MTL_ENABLE_DEBUG_INFO = NO;
				MTL_FAST_MATH = YES;
				SDKROOT = macosx;
				SWIFT_COMPILATION_MODE = wholemodule;
				SWIFT_EMIT_LOC_STRINGS = YES;
			};
			name = Release;
		};
		764569232C5EFEE600FC6865 /* Debug */ = {
			isa = XCBuildConfiguration;
			buildSettings = {
				ALLOW_TARGET_PLATFORM_SPECIALIZATION = NO;
				ASSETCATALOG_COMPILER_APPICON_NAME = AppIcon;
				ASSETCATALOG_COMPILER_GLOBAL_ACCENT_COLOR_NAME = AccentColor;
				CODE_SIGN_ENTITLEMENTS = Swan/Swan.entitlements;
				CODE_SIGN_STYLE = Automatic;
				COMBINE_HIDPI_IMAGES = YES;
				CURRENT_PROJECT_VERSION = 4;
				DEVELOPMENT_ASSET_PATHS = "\"Swan/Preview Content\"";
				DEVELOPMENT_TEAM = ZAB2ZHZQFK;
				ENABLE_HARDENED_RUNTIME = YES;
				ENABLE_PREVIEWS = YES;
				GENERATE_INFOPLIST_FILE = YES;
				INFOPLIST_KEY_LSApplicationCategoryType = "public.app-category.utilities";
				INFOPLIST_KEY_NSDownloadsFolderUsageDescription = "Swan needs to use your downloads folder to download files from Apple's catalogs to.";
				INFOPLIST_KEY_NSHumanReadableCopyright = "216k License";
				LD_RUNPATH_SEARCH_PATHS = (
					"$(inherited)",
					"@executable_path/../Frameworks",
				);
				MACOSX_DEPLOYMENT_TARGET = 13.0;
				MARKETING_VERSION = 0.0.1;
				PRODUCT_BUNDLE_IDENTIFIER = me.ben216k.Swan;
				PRODUCT_NAME = "$(TARGET_NAME)";
				SWIFT_EMIT_LOC_STRINGS = YES;
				SWIFT_VERSION = 6.0;
			};
			name = Debug;
		};
		764569242C5EFEE600FC6865 /* Release */ = {
			isa = XCBuildConfiguration;
			buildSettings = {
				ALLOW_TARGET_PLATFORM_SPECIALIZATION = NO;
				ASSETCATALOG_COMPILER_APPICON_NAME = AppIcon;
				ASSETCATALOG_COMPILER_GLOBAL_ACCENT_COLOR_NAME = AccentColor;
				CODE_SIGN_ENTITLEMENTS = Swan/Swan.entitlements;
				CODE_SIGN_STYLE = Automatic;
				COMBINE_HIDPI_IMAGES = YES;
				CURRENT_PROJECT_VERSION = 4;
				DEVELOPMENT_ASSET_PATHS = "\"Swan/Preview Content\"";
				DEVELOPMENT_TEAM = ZAB2ZHZQFK;
				ENABLE_HARDENED_RUNTIME = YES;
				ENABLE_PREVIEWS = YES;
				GENERATE_INFOPLIST_FILE = YES;
				INFOPLIST_KEY_LSApplicationCategoryType = "public.app-category.utilities";
				INFOPLIST_KEY_NSDownloadsFolderUsageDescription = "Swan needs to use your downloads folder to download files from Apple's catalogs to.";
				INFOPLIST_KEY_NSHumanReadableCopyright = "216k License";
				LD_RUNPATH_SEARCH_PATHS = (
					"$(inherited)",
					"@executable_path/../Frameworks",
				);
				MACOSX_DEPLOYMENT_TARGET = 13.0;
				MARKETING_VERSION = 0.0.1;
				PRODUCT_BUNDLE_IDENTIFIER = me.ben216k.Swan;
				PRODUCT_NAME = "$(TARGET_NAME)";
				SWIFT_EMIT_LOC_STRINGS = YES;
				SWIFT_VERSION = 6.0;
			};
			name = Release;
		};
		764569262C5EFEE600FC6865 /* Debug */ = {
			isa = XCBuildConfiguration;
			buildSettings = {
				BUNDLE_LOADER = "$(TEST_HOST)";
				CODE_SIGN_STYLE = Automatic;
				CURRENT_PROJECT_VERSION = 1;
				DEVELOPMENT_TEAM = ZAB2ZHZQFK;
				GENERATE_INFOPLIST_FILE = YES;
				MACOSX_DEPLOYMENT_TARGET = 13.0;
				MARKETING_VERSION = 1.0;
				PRODUCT_BUNDLE_IDENTIFIER = me.ben216k.SwanTests;
				PRODUCT_NAME = "$(TARGET_NAME)";
				SWIFT_EMIT_LOC_STRINGS = NO;
				SWIFT_VERSION = 5.0;
				TEST_HOST = "$(BUILT_PRODUCTS_DIR)/Swan.app/$(BUNDLE_EXECUTABLE_FOLDER_PATH)/Swan";
			};
			name = Debug;
		};
		764569272C5EFEE600FC6865 /* Release */ = {
			isa = XCBuildConfiguration;
			buildSettings = {
				BUNDLE_LOADER = "$(TEST_HOST)";
				CODE_SIGN_STYLE = Automatic;
				CURRENT_PROJECT_VERSION = 1;
				DEVELOPMENT_TEAM = ZAB2ZHZQFK;
				GENERATE_INFOPLIST_FILE = YES;
				MACOSX_DEPLOYMENT_TARGET = 13.0;
				MARKETING_VERSION = 1.0;
				PRODUCT_BUNDLE_IDENTIFIER = me.ben216k.SwanTests;
				PRODUCT_NAME = "$(TARGET_NAME)";
				SWIFT_EMIT_LOC_STRINGS = NO;
				SWIFT_VERSION = 5.0;
				TEST_HOST = "$(BUILT_PRODUCTS_DIR)/Swan.app/$(BUNDLE_EXECUTABLE_FOLDER_PATH)/Swan";
			};
			name = Release;
		};
/* End XCBuildConfiguration section */

/* Begin XCConfigurationList section */
		764568F62C5EFEE300FC6865 /* Build configuration list for PBXProject "Swan" */ = {
			isa = XCConfigurationList;
			buildConfigurations = (
				764569202C5EFEE600FC6865 /* Debug */,
				764569212C5EFEE600FC6865 /* Release */,
			);
			defaultConfigurationIsVisible = 0;
			defaultConfigurationName = Release;
		};
		764569222C5EFEE600FC6865 /* Build configuration list for PBXNativeTarget "Swan" */ = {
			isa = XCConfigurationList;
			buildConfigurations = (
				764569232C5EFEE600FC6865 /* Debug */,
				764569242C5EFEE600FC6865 /* Release */,
			);
			defaultConfigurationIsVisible = 0;
			defaultConfigurationName = Release;
		};
		764569252C5EFEE600FC6865 /* Build configuration list for PBXNativeTarget "SwanTests" */ = {
			isa = XCConfigurationList;
			buildConfigurations = (
				764569262C5EFEE600FC6865 /* Debug */,
				764569272C5EFEE600FC6865 /* Release */,
			);
			defaultConfigurationIsVisible = 0;
			defaultConfigurationName = Release;
		};
/* End XCConfigurationList section */
	};
	rootObject = 764568F32C5EFEE300FC6865 /* Project object */;
}
